<?xml version="1.0" encoding="utf-8"?>
<Project ToolsVersion="4.0" xmlns="http://schemas.microsoft.com/developer/msbuild/2003">
  <ItemGroup>
    <Filter Include="Libraries">
      <UniqueIdentifier>{7ac70ac1-ee89-4799-a62c-413d6a1adfcc}</UniqueIdentifier>
    </Filter>
    <Filter Include="Source">
      <UniqueIdentifier>{e3ab751c-e9dd-477d-883c-4765eac78b87}</UniqueIdentifier>
    </Filter>
    <Filter Include="Source\Devices">
      <UniqueIdentifier>{48742e3f-22f2-4714-acd3-2da7d2e778b2}</UniqueIdentifier>
    </Filter>
    <Filter Include="Source\Controllers">
      <UniqueIdentifier>{625da114-5649-4b3f-b0ae-be453c62bcf0}</UniqueIdentifier>
    </Filter>
    <Filter Include="Source\Sensors">
      <UniqueIdentifier>{d91e5bac-cace-483d-987d-1b51eca7e7ed}</UniqueIdentifier>
    </Filter>
    <Filter Include="Libraries\PwmController">
      <UniqueIdentifier>{7a291155-eae5-43c0-8d51-0d5005f637ab}</UniqueIdentifier>
    </Filter>
    <Filter Include="Source\Utilities">
      <UniqueIdentifier>{1655b1ef-372f-4d80-b977-2f4b7ea560cd}</UniqueIdentifier>
    </Filter>
    <Filter Include="Source\Sensors\OrientationSensor">
      <UniqueIdentifier>{a83e0daa-4491-441f-a57a-6f6844f8f9bc}</UniqueIdentifier>
    </Filter>
    <Filter Include="Source\Sensors\GpsSensor">
      <UniqueIdentifier>{220e9c6f-d1e4-4ef3-a123-ea216de32b2d}</UniqueIdentifier>
    </Filter>
    <Filter Include="Libraries\Io">
      <UniqueIdentifier>{b995dd54-0019-496f-adb6-ca5d8b88e78f}</UniqueIdentifier>
    </Filter>
    <Filter Include="Libraries\Io\GPIO">
      <UniqueIdentifier>{8373168d-f75e-45ab-8739-e5a87df53d4a}</UniqueIdentifier>
    </Filter>
    <Filter Include="Libraries\Io\I2C">
      <UniqueIdentifier>{797f81ae-6321-4f16-a84a-12a9642947f9}</UniqueIdentifier>
    </Filter>
    <Filter Include="Libraries\Io\Uart">
      <UniqueIdentifier>{b37be3a1-ea0f-451e-a701-a0d7c2f853c2}</UniqueIdentifier>
    </Filter>
    <Filter Include="Libraries\Io\Gps">
      <UniqueIdentifier>{c4c84eb6-7ace-4b3b-a166-e84ee5d9bb01}</UniqueIdentifier>
    </Filter>
  </ItemGroup>
  <ItemGroup>
    <ClInclude Include="GPIOPin.h">
      <Filter>Libraries\Io\GPIO</Filter>
    </ClInclude>
    <ClInclude Include="GPIOPinEnum.h">
      <Filter>Libraries\Io\GPIO</Filter>
    </ClInclude>
    <ClInclude Include="PwmController.h">
      <Filter>Libraries\PwmController</Filter>
    </ClInclude>
    <ClInclude Include="I2C.h">
      <Filter>Libraries\Io\I2C</Filter>
    </ClInclude>
    <ClInclude Include="Orientation.h">
      <Filter>Source\Utilities</Filter>
    </ClInclude>
    <ClInclude Include="OrientationSensor.h">
      <Filter>Source\Sensors\OrientationSensor</Filter>
    </ClInclude>
    <ClInclude Include="OrientationSensorEnums.h">
      <Filter>Source\Sensors\OrientationSensor</Filter>
    </ClInclude>
    <ClInclude Include="MotorController.h">
      <Filter>Source\Controllers</Filter>
    </ClInclude>
    <ClInclude Include="Motor.h">
      <Filter>Source\Devices</Filter>
    </ClInclude>
    <ClInclude Include="OrientationController.h">
      <Filter>Source\Controllers</Filter>
    </ClInclude>
    <ClInclude Include="GpsSensor.h">
      <Filter>Source\Sensors\GpsSensor</Filter>
    </ClInclude>
    <ClInclude Include="Uart.h">
      <Filter>Libraries\Io\Uart</Filter>
    </ClInclude>
    <ClInclude Include="Gps.h">
      <Filter>Libraries\Io\Gps</Filter>
    </ClInclude>
    <ClInclude Include="GpsController.h">
      <Filter>Source\Controllers</Filter>
    </ClInclude>
    <ClInclude Include="resource.h" />
    <ClInclude Include="Position.h">
      <Filter>Source\Utilities</Filter>
    </ClInclude>
  </ItemGroup>
  <ItemGroup>
    <ClCompile Include="GPIOPin.cpp">
      <Filter>Libraries\Io\GPIO</Filter>
    </ClCompile>
    <ClCompile Include="PwmController.cpp">
      <Filter>Libraries\PwmController</Filter>
    </ClCompile>
    <ClCompile Include="I2C.cpp">
      <Filter>Libraries\Io\I2C</Filter>
    </ClCompile>
    <ClCompile Include="Orientation.cpp">
      <Filter>Source\Utilities</Filter>
    </ClCompile>
    <ClCompile Include="OrientationSensor.cpp">
      <Filter>Source\Sensors\OrientationSensor</Filter>
    </ClCompile>
    <ClCompile Include="MotorController.cpp">
      <Filter>Source\Controllers</Filter>
    </ClCompile>
    <ClCompile Include="Motor.cpp">
      <Filter>Source\Devices</Filter>
    </ClCompile>
    <ClCompile Include="OrientationController.cpp">
      <Filter>Source\Controllers</Filter>
    </ClCompile>
    <ClCompile Include="wrapper.cpp" />
    <ClCompile Include="GpsSensor.cpp">
      <Filter>Source\Sensors\GpsSensor</Filter>
    </ClCompile>
    <ClCompile Include="Uart.cpp">
      <Filter>Libraries\Io\Uart</Filter>
    </ClCompile>
    <ClCompile Include="Gps.cpp">
      <Filter>Libraries\Io\Gps</Filter>
    </ClCompile>
    <ClCompile Include="GpsController.cpp">
      <Filter>Source\Controllers</Filter>
    </ClCompile>
    <ClCompile Include="Position.cpp">
      <Filter>Source\Utilities</Filter>
    </ClCompile>
  </ItemGroup>
</Project>
