
Microsoft Visual Studio Solution File, Format Version 12.00
# Visual Studio 15
VisualStudioVersion = 15.0.28010.2050
MinimumVisualStudioVersion = 10.0.40219.1
Project("{8BC9CEB8-8B4A-11D0-8D11-00A0C91BC942}") = "Raspberry", "Raspberry\Raspberry.vcxproj", "{C5A68A80-D75A-4027-820C-83100C6F4945}"
EndProject
Global
	GlobalSection(SolutionConfigurationPlatforms) = preSolution
		Debug|ARM = Debug|ARM
		Debug|ARM64 = Debug|ARM64
		Debug|x64 = Debug|x64
		Debug|x86 = Debug|x86
		Release|ARM = Release|ARM
		Release|ARM64 = Release|ARM64
		Release|x64 = Release|x64
		Release|x86 = Release|x86
	EndGlobalSection
	GlobalSection(ProjectConfigurationPlatforms) = postSolution
		{C5A68A80-D75A-4027-820C-83100C6F4945}.Debug|ARM.ActiveCfg = Debug|ARM
		{C5A68A80-D75A-4027-820C-83100C6F4945}.Debug|ARM.Build.0 = Debug|ARM
		{C5A68A80-D75A-4027-820C-83100C6F4945}.Debug|ARM64.ActiveCfg = Debug|ARM64
		{C5A68A80-D75A-4027-820C-83100C6F4945}.Debug|ARM64.Build.0 = Debug|ARM64
		{C5A68A80-D75A-4027-820C-83100C6F4945}.Debug|x64.ActiveCfg = Debug|x64
		{C5A68A80-D75A-4027-820C-83100C6F4945}.Debug|x64.Build.0 = Debug|x64
		{C5A68A80-D75A-4027-820C-83100C6F4945}.Debug|x86.ActiveCfg = Debug|x86
		{C5A68A80-D75A-4027-820C-83100C6F4945}.Debug|x86.Build.0 = Debug|x86
		{C5A68A80-D75A-4027-820C-83100C6F4945}.Release|ARM.ActiveCfg = Release|ARM
		{C5A68A80-D75A-4027-820C-83100C6F4945}.Release|ARM.Build.0 = Release|ARM
		{C5A68A80-D75A-4027-820C-83100C6F4945}.Release|ARM64.ActiveCfg = Release|ARM64
		{C5A68A80-D75A-4027-820C-83100C6F4945}.Release|ARM64.Build.0 = Release|ARM64
		{C5A68A80-D75A-4027-820C-83100C6F4945}.Release|x64.ActiveCfg = Release|x64
		{C5A68A80-D75A-4027-820C-83100C6F4945}.Release|x64.Build.0 = Release|x64
		{C5A68A80-D75A-4027-820C-83100C6F4945}.Release|x86.ActiveCfg = Release|x86
		{C5A68A80-D75A-4027-820C-83100C6F4945}.Release|x86.Build.0 = Release|x86
	EndGlobalSection
	GlobalSection(SolutionProperties) = preSolution
		HideSolutionNode = FALSE
	EndGlobalSection
	GlobalSection(ExtensibilityGlobals) = postSolution
		SolutionGuid = {BADC475A-EFB9-4CA1-A3D3-1E164596D908}
	EndGlobalSection
EndGlobal
